
Microsoft Visual Studio Solution File, Format Version 12.00
# Visual Studio Version 17
VisualStudioVersion = 17.10.35013.160
MinimumVisualStudioVersion = 10.0.40219.1
Project("{FAE04EC0-301F-11D3-BF4B-00C04F79EFBC}") = "log-analytics", "log-analytics.csproj", "{42631F6C-BC84-47B9-A069-92D9AA61BE01}"
EndProject
Global
	GlobalSection(SolutionConfigurationPlatforms) = preSolution
		Debug|Any CPU = Debug|Any CPU
		Release|Any CPU = Release|Any CPU
	EndGlobalSection
	GlobalSection(ProjectConfigurationPlatforms) = postSolution
		{42631F6C-BC84-47B9-A069-92D9AA61BE01}.Debug|Any CPU.ActiveCfg = Debug|Any CPU
		{42631F6C-BC84-47B9-A069-92D9AA61BE01}.Debug|Any CPU.Build.0 = Debug|Any CPU
		{42631F6C-BC84-47B9-A069-92D9AA61BE01}.Release|Any CPU.ActiveCfg = Release|Any CPU
		{42631F6C-BC84-47B9-A069-92D9AA61BE01}.Release|Any CPU.Build.0 = Release|Any CPU
	EndGlobalSection
	GlobalSection(SolutionProperties) = preSolution
		HideSolutionNode = FALSE
	EndGlobalSection
	GlobalSection(ExtensibilityGlobals) = postSolution
		SolutionGuid = {01D272B1-5E02-4897-94B9-B857CEA3F93E}
	EndGlobalSection
EndGlobal
